
Microsoft Visual Studio Solution File, Format Version 12.00
# Visual Studio Version 17
VisualStudioVersion = 17.3.32804.467
MinimumVisualStudioVersion = 10.0.40219.1
Project("{FAE04EC0-301F-11D3-BF4B-00C04F79EFBC}") = "DizilerOrnek", "DizilerOrnek.csproj", "{9CBF4463-FA6E-4D64-9065-D799B0A74610}"
EndProject
Global
	GlobalSection(SolutionConfigurationPlatforms) = preSolution
		Debug|Any CPU = Debug|Any CPU
		Release|Any CPU = Release|Any CPU
	EndGlobalSection
	GlobalSection(ProjectConfigurationPlatforms) = postSolution
		{9CBF4463-FA6E-4D64-9065-D799B0A74610}.Debug|Any CPU.ActiveCfg = Debug|Any CPU
		{9CBF4463-FA6E-4D64-9065-D799B0A74610}.Debug|Any CPU.Build.0 = Debug|Any CPU
		{9CBF4463-FA6E-4D64-9065-D799B0A74610}.Release|Any CPU.ActiveCfg = Release|Any CPU
		{9CBF4463-FA6E-4D64-9065-D799B0A74610}.Release|Any CPU.Build.0 = Release|Any CPU
	EndGlobalSection
	GlobalSection(SolutionProperties) = preSolution
		HideSolutionNode = FALSE
	EndGlobalSection
	GlobalSection(ExtensibilityGlobals) = postSolution
		SolutionGuid = {5BF8CD6C-82BF-4C7B-9677-EB176822F29C}
	EndGlobalSection
EndGlobal
